
Microsoft Visual Studio Solution File, Format Version 12.00
# Visual Studio Version 17
VisualStudioVersion = 17.0.31903.59
MinimumVisualStudioVersion = 10.0.40219.1
Project("{2150E333-8FDC-42A3-9474-1A3956D46DE8}") = "src", "src", "{F5FDADF0-18E9-4D5D-BA4C-73195ABB3FE3}"
EndProject
Project("{FAE04EC0-301F-11D3-BF4B-00C04F79EFBC}") = "EDA.Balance", "src\EDA.Balance\EDA.Balance.csproj", "{A61DD057-EDA9-4482-800E-8658375CDBA9}"
EndProject
Project("{FAE04EC0-301F-11D3-BF4B-00C04F79EFBC}") = "EDA.Wallet", "src\EDA.Wallet\EDA.Wallet.csproj", "{D421589B-48DD-4CD4-A81D-19A42BC8803F}"
EndProject
Project("{FAE04EC0-301F-11D3-BF4B-00C04F79EFBC}") = "EDA.Core", "src\EDA.Core\EDA.Core.csproj", "{55397D8E-CB83-4A38-BB4E-B2E05E243B01}"
EndProject
Global
	GlobalSection(SolutionConfigurationPlatforms) = preSolution
		Debug|Any CPU = Debug|Any CPU
		Release|Any CPU = Release|Any CPU
	EndGlobalSection
	GlobalSection(SolutionProperties) = preSolution
		HideSolutionNode = FALSE
	EndGlobalSection
	GlobalSection(ProjectConfigurationPlatforms) = postSolution
		{A61DD057-EDA9-4482-800E-8658375CDBA9}.Debug|Any CPU.ActiveCfg = Debug|Any CPU
		{A61DD057-EDA9-4482-800E-8658375CDBA9}.Debug|Any CPU.Build.0 = Debug|Any CPU
		{A61DD057-EDA9-4482-800E-8658375CDBA9}.Release|Any CPU.ActiveCfg = Release|Any CPU
		{A61DD057-EDA9-4482-800E-8658375CDBA9}.Release|Any CPU.Build.0 = Release|Any CPU
		{D421589B-48DD-4CD4-A81D-19A42BC8803F}.Debug|Any CPU.ActiveCfg = Debug|Any CPU
		{D421589B-48DD-4CD4-A81D-19A42BC8803F}.Debug|Any CPU.Build.0 = Debug|Any CPU
		{D421589B-48DD-4CD4-A81D-19A42BC8803F}.Release|Any CPU.ActiveCfg = Release|Any CPU
		{D421589B-48DD-4CD4-A81D-19A42BC8803F}.Release|Any CPU.Build.0 = Release|Any CPU
		{55397D8E-CB83-4A38-BB4E-B2E05E243B01}.Debug|Any CPU.ActiveCfg = Debug|Any CPU
		{55397D8E-CB83-4A38-BB4E-B2E05E243B01}.Debug|Any CPU.Build.0 = Debug|Any CPU
		{55397D8E-CB83-4A38-BB4E-B2E05E243B01}.Release|Any CPU.ActiveCfg = Release|Any CPU
		{55397D8E-CB83-4A38-BB4E-B2E05E243B01}.Release|Any CPU.Build.0 = Release|Any CPU
	EndGlobalSection
	GlobalSection(NestedProjects) = preSolution
		{A61DD057-EDA9-4482-800E-8658375CDBA9} = {F5FDADF0-18E9-4D5D-BA4C-73195ABB3FE3}
		{D421589B-48DD-4CD4-A81D-19A42BC8803F} = {F5FDADF0-18E9-4D5D-BA4C-73195ABB3FE3}
		{55397D8E-CB83-4A38-BB4E-B2E05E243B01} = {F5FDADF0-18E9-4D5D-BA4C-73195ABB3FE3}
	EndGlobalSection
EndGlobal
